
Microsoft Visual Studio Solution File, Format Version 12.00
# Visual Studio Version 17
VisualStudioVersion = 17.4.33213.308
MinimumVisualStudioVersion = 10.0.40219.1
Project("{2150E333-8FDC-42A3-9474-1A3956D46DE8}") = "Assets", "Assets", "{0DC052D2-7755-4B70-990D-F5D95DBD3D1D}"
EndProject
Project("{2150E333-8FDC-42A3-9474-1A3956D46DE8}") = "Engine", "Engine", "{B357A8AE-7DE3-4912-80BB-072B1D85A7BE}"
EndProject
Project("{2150E333-8FDC-42A3-9474-1A3956D46DE8}") = "External", "External", "{3CC0261A-FAE2-434D-92FB-C6F3AAE87FF2}"
EndProject
Project("{2150E333-8FDC-42A3-9474-1A3956D46DE8}") = "Framework", "Framework", "{6AD9C3EF-FFBC-4A6C-9495-1E5AC777E76C}"
EndProject
Project("{2150E333-8FDC-42A3-9474-1A3956D46DE8}") = "VGP242", "VGP242", "{A2552387-8093-4CAB-8C0B-531F825185B1}"
EndProject
Project("{8BC9CEB8-8B4A-11D0-8D11-00A0C91BC942}") = "FoxEngine", "Engine\FoxEngine\FoxEngine.vcxproj", "{8934D467-1955-4094-9A3A-85757E3FAF14}"
EndProject
Project("{8BC9CEB8-8B4A-11D0-8D11-00A0C91BC942}") = "Core", "Framework\Core\Core.vcxproj", "{277BFF3A-17C1-4BFE-8DAE-54D22615E82E}"
EndProject
Project("{8BC9CEB8-8B4A-11D0-8D11-00A0C91BC942}") = "Input", "Framework\Input\Input.vcxproj", "{3629F01A-6FED-42EB-B308-E9F7F1346EAF}"
EndProject
Project("{8BC9CEB8-8B4A-11D0-8D11-00A0C91BC942}") = "Math", "Framework\Math\Math.vcxproj", "{F97727F8-DAAA-4547-AF2F-E4E7171E55DE}"
EndProject
Project("{8BC9CEB8-8B4A-11D0-8D11-00A0C91BC942}") = "Graphics", "Framework\Graphics\Graphics.vcxproj", "{614E55D9-915C-4622-AD21-783749DFBA2B}"
EndProject
Project("{2150E333-8FDC-42A3-9474-1A3956D46DE8}") = "Shaders", "Shaders", "{BC53D1A0-CA04-4067-A2D1-B535C6178B63}"
	ProjectSection(SolutionItems) = preProject
		Assets\Shaders\Bloom.fx = Assets\Shaders\Bloom.fx
		Assets\Shaders\DoNothing.fx = Assets\Shaders\DoNothing.fx
		Assets\Shaders\DoParticles.fx = Assets\Shaders\DoParticles.fx
		Assets\Shaders\DoSomething.fx = Assets\Shaders\DoSomething.fx
		Assets\Shaders\DoStandard.fx = Assets\Shaders\DoStandard.fx
		Assets\Shaders\DoTexturing.fx = Assets\Shaders\DoTexturing.fx
		Assets\Shaders\DoTransform.fx = Assets\Shaders\DoTransform.fx
		Assets\Shaders\GaussianBlur.fx = Assets\Shaders\GaussianBlur.fx
		Assets\Shaders\PostProcessing.fx = Assets\Shaders\PostProcessing.fx
		Assets\Shaders\Shadow.fx = Assets\Shaders\Shadow.fx
		Assets\Shaders\Standard.fx = Assets\Shaders\Standard.fx
		Assets\Shaders\Terrain.fx = Assets\Shaders\Terrain.fx
	EndProjectSection
EndProject
Project("{8BC9CEB8-8B4A-11D0-8D11-00A0C91BC942}") = "04_HelloCube", "VGP242\04_HelloCube\04_HelloCube.vcxproj", "{7B9FFF06-2782-445D-A010-31C400C14048}"
EndProject
Project("{8BC9CEB8-8B4A-11D0-8D11-00A0C91BC942}") = "05_HelloMeshBuilder", "VGP242\05_HelloMeshBuilder\05_HelloMeshBuilder.vcxproj", "{DEC986A3-D894-48BF-ADAE-C8885450F92B}"
EndProject
Project("{2150E333-8FDC-42A3-9474-1A3956D46DE8}") = "Textures", "Textures", "{DB50473E-4878-494A-8775-25A3B28A7B4C}"
	ProjectSection(SolutionItems) = preProject
		Assets\Textures\earth.jpg = Assets\Textures\earth.jpg
		Assets\Textures\earth_bump.jpg = Assets\Textures\earth_bump.jpg
		Assets\Textures\earth_clouds.jpg = Assets\Textures\earth_clouds.jpg
		Assets\Textures\earth_lights.jpg = Assets\Textures\earth_lights.jpg
		Assets\Textures\earth_normal.jpg = Assets\Textures\earth_normal.jpg
		Assets\Textures\earth_spec.jpg = Assets\Textures\earth_spec.jpg
		Assets\Textures\space.jpg = Assets\Textures\space.jpg
		Assets\Textures\sun.jpg = Assets\Textures\sun.jpg
	EndProjectSection
EndProject
Project("{8BC9CEB8-8B4A-11D0-8D11-00A0C91BC942}") = "DirectXTK_Desktop_2019", "External\DirectXTK\DirectXTK_Desktop_2019.vcxproj", "{E0B52AE7-E160-4D32-BF3F-910B785E5A8E}"
EndProject
Project("{8BC9CEB8-8B4A-11D0-8D11-00A0C91BC942}") = "06_HelloTexture", "VGP242\06_HelloTexture\06_HelloTexture.vcxproj", "{24D8802B-3CFB-4DBE-B195-67E07BE2BAC8}"
EndProject
Project("{2150E333-8FDC-42A3-9474-1A3956D46DE8}") = "References", "References", "{8A819474-FF2D-4880-9EDC-0ABD57BCA3F0}"
	ProjectSection(SolutionItems) = preProject
		frames.txt = frames.txt
	EndProjectSection
EndProject
Project("{8BC9CEB8-8B4A-11D0-8D11-00A0C91BC942}") = "07_HelloDebug", "VGP242\07_HelloDebug\07_HelloDebug.vcxproj", "{FFFF135A-CFD8-406D-900F-E4171ADA7951}"
EndProject
Project("{8BC9CEB8-8B4A-11D0-8D11-00A0C91BC942}") = "ImGui", "External\ImGui\ImGui.vcxproj", "{52D656A2-A2F4-4C54-A3C7-653427BED1E8}"
EndProject
Project("{8BC9CEB8-8B4A-11D0-8D11-00A0C91BC942}") = "08_HelloObjs", "VGP242\08_HelloObjs\08_HelloObjs.vcxproj", "{4888A5ED-7AA9-4ABC-890E-991E7631C54E}"
EndProject
Project("{8BC9CEB8-8B4A-11D0-8D11-00A0C91BC942}") = "10_Final", "VGP242\10_Final\10_Final.vcxproj", "{7CE195A0-579E-4372-B9EA-2C0809AE9BB7}"
EndProject
Project("{8BC9CEB8-8B4A-11D0-8D11-00A0C91BC942}") = "01_HelloWindow", "VGP242\01_HelloWindow\01_HelloWindow.vcxproj", "{713771E0-9899-42FF-AFBF-B1EFE55DC914}"
EndProject
Project("{8BC9CEB8-8B4A-11D0-8D11-00A0C91BC942}") = "02_HelloGraphics", "VGP242\02_HelloGraphics\02_HelloGraphics.vcxproj", "{EA036725-D887-49A1-9FEE-DF47BFA0A777}"
EndProject
Project("{8BC9CEB8-8B4A-11D0-8D11-00A0C91BC942}") = "03_HelloShapes", "VGP242\03_HelloShapes\03_HelloShapes.vcxproj", "{8EA3D910-8FFC-4CC6-8975-79298DB45B34}"
EndProject
Project("{8BC9CEB8-8B4A-11D0-8D11-00A0C91BC942}") = "00_HelloWorld", "VGP242\00_HelloWorld\00_HelloWorld.vcxproj", "{2ABAA61D-E1C5-4DCE-9280-44218D921515}"
EndProject
Project("{8BC9CEB8-8B4A-11D0-8D11-00A0C91BC942}") = "06-01_HelloSimpleDraw", "VGP242\06_1_HelloSimpleDraw\06_1_HelloSimpleDraw.vcxproj", "{9C2A2A78-9AFE-4549-A9EE-375C692957FA}"
EndProject
Project("{2150E333-8FDC-42A3-9474-1A3956D46DE8}") = "UnitTests", "UnitTests", "{5278683B-7795-4AB9-90CE-E6CFDBF93BA7}"
EndProject
Project("{8BC9CEB8-8B4A-11D0-8D11-00A0C91BC942}") = "MathTest", "UnitTests\MathTest\MathTest.vcxproj", "{0F375C9A-804E-4A70-8162-61858D47DDB8}"
EndProject
Project("{8BC9CEB8-8B4A-11D0-8D11-00A0C91BC942}") = "09_HelloIMGui", "VGP242\09_HelloIMGui\09_HelloIMGui.vcxproj", "{76AB1D0A-1763-482F-A1D3-E76F8A69E843}"
EndProject
Project("{8BC9CEB8-8B4A-11D0-8D11-00A0C91BC942}") = "11_HelloRenderObject", "VGP242\11_HelloRenderObject\11_HelloRenderObject.vcxproj", "{F9D4FC99-037F-4C70-B52B-852E6B991301}"
EndProject
Project("{2150E333-8FDC-42A3-9474-1A3956D46DE8}") = "VGP330", "VGP330", "{0B86A2FB-92E5-4A27-A76E-426484C68BE9}"
EndProject
Project("{8BC9CEB8-8B4A-11D0-8D11-00A0C91BC942}") = "01_HelloLighting", "VGP330\01_HelloLighting\01_HelloLighting.vcxproj", "{D06251CE-FECB-4157-B235-8D6DCF8749E2}"
EndProject
Project("{2150E333-8FDC-42A3-9474-1A3956D46DE8}") = "VGP FoxProject", "VGP FoxProject", "{08B0B8F6-103E-4D68-BB2D-B35B726E5855}"
EndProject
Project("{2150E333-8FDC-42A3-9474-1A3956D46DE8}") = "Notes", "Notes", "{673075FB-F5FD-411E-8E60-2E9FED83F512}"
	ProjectSection(SolutionItems) = preProject
		VGPTesting\Notes VGP330.txt = VGPTesting\Notes VGP330.txt
	EndProjectSection
EndProject
Project("{2150E333-8FDC-42A3-9474-1A3956D46DE8}") = "Tools", "Tools", "{114F763B-8CED-4979-8F68-6EDD3D37657E}"
EndProject
Project("{8BC9CEB8-8B4A-11D0-8D11-00A0C91BC942}") = "ModelImporter", "Tools\ModelImporter\ModelImporter.vcxproj", "{746DA27D-C8D8-491A-BCFC-9549ED39BA5B}"
EndProject
Project("{8BC9CEB8-8B4A-11D0-8D11-00A0C91BC942}") = "02_HelloModel", "VGP330\02_HelloModel\02_HelloModel.vcxproj", "{AE7E6B22-802A-4685-8E86-CBCE1414CFE3}"
EndProject
Project("{8BC9CEB8-8B4A-11D0-8D11-00A0C91BC942}") = "03_HelloPosProcessing", "VGP330\03_HelloPosProcessing\03_HelloPosProcessing.vcxproj", "{A4E718FE-282F-4768-BDEC-5A9EE513F3F3}"
EndProject
Project("{8BC9CEB8-8B4A-11D0-8D11-00A0C91BC942}") = "04_HelloShadow", "VGP330\04_HelloShadow\04_HelloShadow.vcxproj", "{4426412D-1B25-40FE-9803-7D5F1B55AA1D}"
EndProject
Project("{8BC9CEB8-8B4A-11D0-8D11-00A0C91BC942}") = "05_HellloGaussianBlur", "VGP330\05_HellloGaussianBlur\05_HellloGaussianBlur.vcxproj", "{CE2CA0CF-0BCC-4786-8698-CBE6BCE9C935}"
EndProject
Project("{8BC9CEB8-8B4A-11D0-8D11-00A0C91BC942}") = "06_HelloTerrain", "VGP330\06_HelloTerrain\06_HelloTerrain.vcxproj", "{9C69F792-B612-41C7-B69B-60626FF7B845}"
EndProject
Project("{8BC9CEB8-8B4A-11D0-8D11-00A0C91BC942}") = "07_VGP_330_HelloFinal", "VGP330\07_VGP_330_HelloFinal\07_VGP_330_HelloFinal.vcxproj", "{1D13981F-3B13-4EE1-843B-331BDA75D169}"
EndProject
Project("{2150E333-8FDC-42A3-9474-1A3956D46DE8}") = "VGP334", "VGP334", "{ABA1AD66-7312-43CE-9DB9-BC339D4029DB}"
EndProject
Project("{8BC9CEB8-8B4A-11D0-8D11-00A0C91BC942}") = "14_HelloQuaternion", "VGP334\14_HelloQuaternion\14_HelloQuaternion.vcxproj", "{F23AF3D4-AA2D-451E-95CF-45B370FEDB8E}"
EndProject
Project("{8BC9CEB8-8B4A-11D0-8D11-00A0C91BC942}") = "15_HelloAnimation", "VGP334\15_HelloAnimation\15_HelloAnimation.vcxproj", "{1292D508-BD7D-461C-9802-03B90CE6890B}"
EndProject
Project("{8BC9CEB8-8B4A-11D0-8D11-00A0C91BC942}") = "16_HelloSkeleton", "VGP334\16_HelloSkeleton\16_HelloSkeleton.vcxproj", "{5364B828-0455-4F89-8E43-C579C220EF5E}"
EndProject
Project("{8BC9CEB8-8B4A-11D0-8D11-00A0C91BC942}") = "17_HelloSkeletonAnimation", "VGP334\17_HelloSkeletonAnimation\17_HelloSkeletonAnimation.vcxproj", "{24B35F9E-2B8D-479D-90D6-685C2EBCF30C}"
EndProject
Project("{8BC9CEB8-8B4A-11D0-8D11-00A0C91BC942}") = "Physics", "Framework\Physics\Physics.vcxproj", "{F6756734-70A8-4857-95E2-7495BD9A8408}"
EndProject
Project("{8BC9CEB8-8B4A-11D0-8D11-00A0C91BC942}") = "Bullet", "External\Bullet\Bullet.vcxproj", "{516192EB-788A-4FE7-B2B7-2EF9AC036B12}"
EndProject
Project("{8BC9CEB8-8B4A-11D0-8D11-00A0C91BC942}") = "18_HelloPhysicsAnimation", "VGP334\18_HelloPhysicsAnimation\18_HelloPhysicsAnimation.vcxproj", "{A612ACB7-80FA-48F7-AD4E-6E0A4448D352}"
EndProject
Project("{8BC9CEB8-8B4A-11D0-8D11-00A0C91BC942}") = "19_HelloParticles", "VGP334\19_HelloParticles\19_HelloParticles.vcxproj", "{4819C83D-F328-4681-A2D5-B0B46B83BC5B}"
EndProject
Project("{8BC9CEB8-8B4A-11D0-8D11-00A0C91BC942}") = "20_HelloSoftBody", "VGP334\20_HelloSoftBody\20_HelloSoftBody.vcxproj", "{3DBE0E98-8042-4A10-A544-E93175AD4BC2}"
EndProject
Project("{8BC9CEB8-8B4A-11D0-8D11-00A0C91BC942}") = "21_HelloFinal", "VGP334\21_HelloFinal\21_HelloFinal.vcxproj", "{CBD860CF-A484-4732-B2C0-60D60028E723}"
EndProject
Project("{2150E333-8FDC-42A3-9474-1A3956D46DE8}") = "VGP336", "VGP336", "{0C4DEF16-1A8E-4AC6-A49D-737C60C6443C}"
EndProject
Project("{8BC9CEB8-8B4A-11D0-8D11-00A0C91BC942}") = "22_HelloMemory", "VGP336\22_HelloMemory\22_HelloMemory.vcxproj", "{21DDD947-1FD6-49B4-9251-0CFC2D9632E0}"
EndProject
Project("{8BC9CEB8-8B4A-11D0-8D11-00A0C91BC942}") = "23_HelloGameObject", "VGP336\23_HelloGameObject\23_HelloGameObject.vcxproj", "{53A7314E-CB0A-4DA5-9E71-E9910F925002}"
EndProject
Project("{2150E333-8FDC-42A3-9474-1A3956D46DE8}") = "Templates", "Templates", "{C1815E61-ACE5-43D7-94CE-731B1852B3F5}"
	ProjectSection(SolutionItems) = preProject
		Assets\Templates\test_Camera.json = Assets\Templates\test_Camera.json
		Assets\Templates\test_fps_Camera.json = Assets\Templates\test_fps_Camera.json
		Assets\Templates\test_objects.json = Assets\Templates\test_objects.json
	EndProjectSection
EndProject
Project("{8BC9CEB8-8B4A-11D0-8D11-00A0C91BC942}") = "01 PathFinding", "VGPTesting\01_PathFiding\01 PathFinding.vcxproj", "{908EA407-5ADC-4B3D-AB84-F20B9F020C52}"
EndProject
Project("{8BC9CEB8-8B4A-11D0-8D11-00A0C91BC942}") = "24_HelloGameWorld", "VGP336\24_HelloGameWorld\24_HelloGameWorld.vcxproj", "{1C95310C-B5AD-4A6F-8042-B1E0FFFECA02}"
EndProject
Project("{2150E333-8FDC-42A3-9474-1A3956D46DE8}") = "Levels", "Levels", "{F0302644-D0D8-40E5-AF22-30786A79C6B3}"
	ProjectSection(SolutionItems) = preProject
		Assets\Templates\Levels\test_Level.json = Assets\Templates\Levels\test_Level.json
	EndProjectSection
EndProject
Global
	GlobalSection(SolutionConfigurationPlatforms) = preSolution
		Debug|x64 = Debug|x64
		Debug|x86 = Debug|x86
		Release|x64 = Release|x64
		Release|x86 = Release|x86
	EndGlobalSection
	GlobalSection(ProjectConfigurationPlatforms) = postSolution
		{8934D467-1955-4094-9A3A-85757E3FAF14}.Debug|x64.ActiveCfg = Debug|x64
		{8934D467-1955-4094-9A3A-85757E3FAF14}.Debug|x64.Build.0 = Debug|x64
		{8934D467-1955-4094-9A3A-85757E3FAF14}.Debug|x86.ActiveCfg = Debug|Win32
		{8934D467-1955-4094-9A3A-85757E3FAF14}.Debug|x86.Build.0 = Debug|Win32
		{8934D467-1955-4094-9A3A-85757E3FAF14}.Release|x64.ActiveCfg = Release|x64
		{8934D467-1955-4094-9A3A-85757E3FAF14}.Release|x64.Build.0 = Release|x64
		{8934D467-1955-4094-9A3A-85757E3FAF14}.Release|x86.ActiveCfg = Release|Win32
		{8934D467-1955-4094-9A3A-85757E3FAF14}.Release|x86.Build.0 = Release|Win32
		{277BFF3A-17C1-4BFE-8DAE-54D22615E82E}.Debug|x64.ActiveCfg = Debug|x64
		{277BFF3A-17C1-4BFE-8DAE-54D22615E82E}.Debug|x64.Build.0 = Debug|x64
		{277BFF3A-17C1-4BFE-8DAE-54D22615E82E}.Debug|x86.ActiveCfg = Debug|Win32
		{277BFF3A-17C1-4BFE-8DAE-54D22615E82E}.Debug|x86.Build.0 = Debug|Win32
		{277BFF3A-17C1-4BFE-8DAE-54D22615E82E}.Release|x64.ActiveCfg = Release|x64
		{277BFF3A-17C1-4BFE-8DAE-54D22615E82E}.Release|x64.Build.0 = Release|x64
		{277BFF3A-17C1-4BFE-8DAE-54D22615E82E}.Release|x86.ActiveCfg = Release|Win32
		{277BFF3A-17C1-4BFE-8DAE-54D22615E82E}.Release|x86.Build.0 = Release|Win32
		{3629F01A-6FED-42EB-B308-E9F7F1346EAF}.Debug|x64.ActiveCfg = Debug|x64
		{3629F01A-6FED-42EB-B308-E9F7F1346EAF}.Debug|x64.Build.0 = Debug|x64
		{3629F01A-6FED-42EB-B308-E9F7F1346EAF}.Debug|x86.ActiveCfg = Debug|Win32
		{3629F01A-6FED-42EB-B308-E9F7F1346EAF}.Debug|x86.Build.0 = Debug|Win32
		{3629F01A-6FED-42EB-B308-E9F7F1346EAF}.Release|x64.ActiveCfg = Release|x64
		{3629F01A-6FED-42EB-B308-E9F7F1346EAF}.Release|x64.Build.0 = Release|x64
		{3629F01A-6FED-42EB-B308-E9F7F1346EAF}.Release|x86.ActiveCfg = Release|Win32
		{3629F01A-6FED-42EB-B308-E9F7F1346EAF}.Release|x86.Build.0 = Release|Win32
		{F97727F8-DAAA-4547-AF2F-E4E7171E55DE}.Debug|x64.ActiveCfg = Debug|x64
		{F97727F8-DAAA-4547-AF2F-E4E7171E55DE}.Debug|x64.Build.0 = Debug|x64
		{F97727F8-DAAA-4547-AF2F-E4E7171E55DE}.Debug|x86.ActiveCfg = Debug|Win32
		{F97727F8-DAAA-4547-AF2F-E4E7171E55DE}.Debug|x86.Build.0 = Debug|Win32
		{F97727F8-DAAA-4547-AF2F-E4E7171E55DE}.Release|x64.ActiveCfg = Release|x64
		{F97727F8-DAAA-4547-AF2F-E4E7171E55DE}.Release|x64.Build.0 = Release|x64
		{F97727F8-DAAA-4547-AF2F-E4E7171E55DE}.Release|x86.ActiveCfg = Release|Win32
		{F97727F8-DAAA-4547-AF2F-E4E7171E55DE}.Release|x86.Build.0 = Release|Win32
		{614E55D9-915C-4622-AD21-783749DFBA2B}.Debug|x64.ActiveCfg = Debug|x64
		{614E55D9-915C-4622-AD21-783749DFBA2B}.Debug|x64.Build.0 = Debug|x64
		{614E55D9-915C-4622-AD21-783749DFBA2B}.Debug|x86.ActiveCfg = Debug|Win32
		{614E55D9-915C-4622-AD21-783749DFBA2B}.Debug|x86.Build.0 = Debug|Win32
		{614E55D9-915C-4622-AD21-783749DFBA2B}.Release|x64.ActiveCfg = Release|x64
		{614E55D9-915C-4622-AD21-783749DFBA2B}.Release|x64.Build.0 = Release|x64
		{614E55D9-915C-4622-AD21-783749DFBA2B}.Release|x86.ActiveCfg = Release|Win32
		{614E55D9-915C-4622-AD21-783749DFBA2B}.Release|x86.Build.0 = Release|Win32
		{7B9FFF06-2782-445D-A010-31C400C14048}.Debug|x64.ActiveCfg = Debug|x64
		{7B9FFF06-2782-445D-A010-31C400C14048}.Debug|x64.Build.0 = Debug|x64
		{7B9FFF06-2782-445D-A010-31C400C14048}.Debug|x86.ActiveCfg = Debug|Win32
		{7B9FFF06-2782-445D-A010-31C400C14048}.Debug|x86.Build.0 = Debug|Win32
		{7B9FFF06-2782-445D-A010-31C400C14048}.Release|x64.ActiveCfg = Release|x64
		{7B9FFF06-2782-445D-A010-31C400C14048}.Release|x64.Build.0 = Release|x64
		{7B9FFF06-2782-445D-A010-31C400C14048}.Release|x86.ActiveCfg = Release|Win32
		{7B9FFF06-2782-445D-A010-31C400C14048}.Release|x86.Build.0 = Release|Win32
		{DEC986A3-D894-48BF-ADAE-C8885450F92B}.Debug|x64.ActiveCfg = Debug|x64
		{DEC986A3-D894-48BF-ADAE-C8885450F92B}.Debug|x64.Build.0 = Debug|x64
		{DEC986A3-D894-48BF-ADAE-C8885450F92B}.Debug|x86.ActiveCfg = Debug|Win32
		{DEC986A3-D894-48BF-ADAE-C8885450F92B}.Debug|x86.Build.0 = Debug|Win32
		{DEC986A3-D894-48BF-ADAE-C8885450F92B}.Release|x64.ActiveCfg = Release|x64
		{DEC986A3-D894-48BF-ADAE-C8885450F92B}.Release|x64.Build.0 = Release|x64
		{DEC986A3-D894-48BF-ADAE-C8885450F92B}.Release|x86.ActiveCfg = Release|Win32
		{DEC986A3-D894-48BF-ADAE-C8885450F92B}.Release|x86.Build.0 = Release|Win32
		{E0B52AE7-E160-4D32-BF3F-910B785E5A8E}.Debug|x64.ActiveCfg = Debug|x64
		{E0B52AE7-E160-4D32-BF3F-910B785E5A8E}.Debug|x64.Build.0 = Debug|x64
		{E0B52AE7-E160-4D32-BF3F-910B785E5A8E}.Debug|x86.ActiveCfg = Debug|Win32
		{E0B52AE7-E160-4D32-BF3F-910B785E5A8E}.Debug|x86.Build.0 = Debug|Win32
		{E0B52AE7-E160-4D32-BF3F-910B785E5A8E}.Release|x64.ActiveCfg = Release|x64
		{E0B52AE7-E160-4D32-BF3F-910B785E5A8E}.Release|x64.Build.0 = Release|x64
		{E0B52AE7-E160-4D32-BF3F-910B785E5A8E}.Release|x86.ActiveCfg = Release|Win32
		{E0B52AE7-E160-4D32-BF3F-910B785E5A8E}.Release|x86.Build.0 = Release|Win32
		{24D8802B-3CFB-4DBE-B195-67E07BE2BAC8}.Debug|x64.ActiveCfg = Debug|x64
		{24D8802B-3CFB-4DBE-B195-67E07BE2BAC8}.Debug|x64.Build.0 = Debug|x64
		{24D8802B-3CFB-4DBE-B195-67E07BE2BAC8}.Debug|x86.ActiveCfg = Debug|Win32
		{24D8802B-3CFB-4DBE-B195-67E07BE2BAC8}.Debug|x86.Build.0 = Debug|Win32
		{24D8802B-3CFB-4DBE-B195-67E07BE2BAC8}.Release|x64.ActiveCfg = Release|x64
		{24D8802B-3CFB-4DBE-B195-67E07BE2BAC8}.Release|x64.Build.0 = Release|x64
		{24D8802B-3CFB-4DBE-B195-67E07BE2BAC8}.Release|x86.ActiveCfg = Release|Win32
		{24D8802B-3CFB-4DBE-B195-67E07BE2BAC8}.Release|x86.Build.0 = Release|Win32
		{FFFF135A-CFD8-406D-900F-E4171ADA7951}.Debug|x64.ActiveCfg = Debug|x64
		{FFFF135A-CFD8-406D-900F-E4171ADA7951}.Debug|x64.Build.0 = Debug|x64
		{FFFF135A-CFD8-406D-900F-E4171ADA7951}.Debug|x86.ActiveCfg = Debug|Win32
		{FFFF135A-CFD8-406D-900F-E4171ADA7951}.Debug|x86.Build.0 = Debug|Win32
		{FFFF135A-CFD8-406D-900F-E4171ADA7951}.Release|x64.ActiveCfg = Release|x64
		{FFFF135A-CFD8-406D-900F-E4171ADA7951}.Release|x64.Build.0 = Release|x64
		{FFFF135A-CFD8-406D-900F-E4171ADA7951}.Release|x86.ActiveCfg = Release|Win32
		{FFFF135A-CFD8-406D-900F-E4171ADA7951}.Release|x86.Build.0 = Release|Win32
		{52D656A2-A2F4-4C54-A3C7-653427BED1E8}.Debug|x64.ActiveCfg = Debug|x64
		{52D656A2-A2F4-4C54-A3C7-653427BED1E8}.Debug|x64.Build.0 = Debug|x64
		{52D656A2-A2F4-4C54-A3C7-653427BED1E8}.Debug|x86.ActiveCfg = Debug|Win32
		{52D656A2-A2F4-4C54-A3C7-653427BED1E8}.Debug|x86.Build.0 = Debug|Win32
		{52D656A2-A2F4-4C54-A3C7-653427BED1E8}.Release|x64.ActiveCfg = Release|x64
		{52D656A2-A2F4-4C54-A3C7-653427BED1E8}.Release|x64.Build.0 = Release|x64
		{52D656A2-A2F4-4C54-A3C7-653427BED1E8}.Release|x86.ActiveCfg = Release|Win32
		{52D656A2-A2F4-4C54-A3C7-653427BED1E8}.Release|x86.Build.0 = Release|Win32
		{4888A5ED-7AA9-4ABC-890E-991E7631C54E}.Debug|x64.ActiveCfg = Debug|x64
		{4888A5ED-7AA9-4ABC-890E-991E7631C54E}.Debug|x64.Build.0 = Debug|x64
		{4888A5ED-7AA9-4ABC-890E-991E7631C54E}.Debug|x86.ActiveCfg = Debug|Win32
		{4888A5ED-7AA9-4ABC-890E-991E7631C54E}.Debug|x86.Build.0 = Debug|Win32
		{4888A5ED-7AA9-4ABC-890E-991E7631C54E}.Release|x64.ActiveCfg = Release|x64
		{4888A5ED-7AA9-4ABC-890E-991E7631C54E}.Release|x64.Build.0 = Release|x64
		{4888A5ED-7AA9-4ABC-890E-991E7631C54E}.Release|x86.ActiveCfg = Release|Win32
		{4888A5ED-7AA9-4ABC-890E-991E7631C54E}.Release|x86.Build.0 = Release|Win32
		{7CE195A0-579E-4372-B9EA-2C0809AE9BB7}.Debug|x64.ActiveCfg = Debug|x64
		{7CE195A0-579E-4372-B9EA-2C0809AE9BB7}.Debug|x64.Build.0 = Debug|x64
		{7CE195A0-579E-4372-B9EA-2C0809AE9BB7}.Debug|x86.ActiveCfg = Debug|Win32
		{7CE195A0-579E-4372-B9EA-2C0809AE9BB7}.Debug|x86.Build.0 = Debug|Win32
		{7CE195A0-579E-4372-B9EA-2C0809AE9BB7}.Release|x64.ActiveCfg = Release|x64
		{7CE195A0-579E-4372-B9EA-2C0809AE9BB7}.Release|x64.Build.0 = Release|x64
		{7CE195A0-579E-4372-B9EA-2C0809AE9BB7}.Release|x86.ActiveCfg = Release|Win32
		{7CE195A0-579E-4372-B9EA-2C0809AE9BB7}.Release|x86.Build.0 = Release|Win32
		{713771E0-9899-42FF-AFBF-B1EFE55DC914}.Debug|x64.ActiveCfg = Debug|x64
		{713771E0-9899-42FF-AFBF-B1EFE55DC914}.Debug|x64.Build.0 = Debug|x64
		{713771E0-9899-42FF-AFBF-B1EFE55DC914}.Debug|x86.ActiveCfg = Debug|Win32
		{713771E0-9899-42FF-AFBF-B1EFE55DC914}.Debug|x86.Build.0 = Debug|Win32
		{713771E0-9899-42FF-AFBF-B1EFE55DC914}.Release|x64.ActiveCfg = Release|x64
		{713771E0-9899-42FF-AFBF-B1EFE55DC914}.Release|x64.Build.0 = Release|x64
		{713771E0-9899-42FF-AFBF-B1EFE55DC914}.Release|x86.ActiveCfg = Release|Win32
		{713771E0-9899-42FF-AFBF-B1EFE55DC914}.Release|x86.Build.0 = Release|Win32
		{EA036725-D887-49A1-9FEE-DF47BFA0A777}.Debug|x64.ActiveCfg = Debug|x64
		{EA036725-D887-49A1-9FEE-DF47BFA0A777}.Debug|x64.Build.0 = Debug|x64
		{EA036725-D887-49A1-9FEE-DF47BFA0A777}.Debug|x86.ActiveCfg = Debug|Win32
		{EA036725-D887-49A1-9FEE-DF47BFA0A777}.Debug|x86.Build.0 = Debug|Win32
		{EA036725-D887-49A1-9FEE-DF47BFA0A777}.Release|x64.ActiveCfg = Release|x64
		{EA036725-D887-49A1-9FEE-DF47BFA0A777}.Release|x64.Build.0 = Release|x64
		{EA036725-D887-49A1-9FEE-DF47BFA0A777}.Release|x86.ActiveCfg = Release|Win32
		{EA036725-D887-49A1-9FEE-DF47BFA0A777}.Release|x86.Build.0 = Release|Win32
		{8EA3D910-8FFC-4CC6-8975-79298DB45B34}.Debug|x64.ActiveCfg = Debug|x64
		{8EA3D910-8FFC-4CC6-8975-79298DB45B34}.Debug|x64.Build.0 = Debug|x64
		{8EA3D910-8FFC-4CC6-8975-79298DB45B34}.Debug|x86.ActiveCfg = Debug|Win32
		{8EA3D910-8FFC-4CC6-8975-79298DB45B34}.Debug|x86.Build.0 = Debug|Win32
		{8EA3D910-8FFC-4CC6-8975-79298DB45B34}.Release|x64.ActiveCfg = Release|x64
		{8EA3D910-8FFC-4CC6-8975-79298DB45B34}.Release|x64.Build.0 = Release|x64
		{8EA3D910-8FFC-4CC6-8975-79298DB45B34}.Release|x86.ActiveCfg = Release|Win32
		{8EA3D910-8FFC-4CC6-8975-79298DB45B34}.Release|x86.Build.0 = Release|Win32
		{2ABAA61D-E1C5-4DCE-9280-44218D921515}.Debug|x64.ActiveCfg = Debug|x64
		{2ABAA61D-E1C5-4DCE-9280-44218D921515}.Debug|x64.Build.0 = Debug|x64
		{2ABAA61D-E1C5-4DCE-9280-44218D921515}.Debug|x86.ActiveCfg = Debug|Win32
		{2ABAA61D-E1C5-4DCE-9280-44218D921515}.Debug|x86.Build.0 = Debug|Win32
		{2ABAA61D-E1C5-4DCE-9280-44218D921515}.Release|x64.ActiveCfg = Release|x64
		{2ABAA61D-E1C5-4DCE-9280-44218D921515}.Release|x64.Build.0 = Release|x64
		{2ABAA61D-E1C5-4DCE-9280-44218D921515}.Release|x86.ActiveCfg = Release|Win32
		{2ABAA61D-E1C5-4DCE-9280-44218D921515}.Release|x86.Build.0 = Release|Win32
		{9C2A2A78-9AFE-4549-A9EE-375C692957FA}.Debug|x64.ActiveCfg = Debug|x64
		{9C2A2A78-9AFE-4549-A9EE-375C692957FA}.Debug|x64.Build.0 = Debug|x64
		{9C2A2A78-9AFE-4549-A9EE-375C692957FA}.Debug|x86.ActiveCfg = Debug|Win32
		{9C2A2A78-9AFE-4549-A9EE-375C692957FA}.Debug|x86.Build.0 = Debug|Win32
		{9C2A2A78-9AFE-4549-A9EE-375C692957FA}.Release|x64.ActiveCfg = Release|x64
		{9C2A2A78-9AFE-4549-A9EE-375C692957FA}.Release|x64.Build.0 = Release|x64
		{9C2A2A78-9AFE-4549-A9EE-375C692957FA}.Release|x86.ActiveCfg = Release|Win32
		{9C2A2A78-9AFE-4549-A9EE-375C692957FA}.Release|x86.Build.0 = Release|Win32
		{0F375C9A-804E-4A70-8162-61858D47DDB8}.Debug|x64.ActiveCfg = Debug|x64
		{0F375C9A-804E-4A70-8162-61858D47DDB8}.Debug|x64.Build.0 = Debug|x64
		{0F375C9A-804E-4A70-8162-61858D47DDB8}.Debug|x86.ActiveCfg = Debug|Win32
		{0F375C9A-804E-4A70-8162-61858D47DDB8}.Debug|x86.Build.0 = Debug|Win32
		{0F375C9A-804E-4A70-8162-61858D47DDB8}.Release|x64.ActiveCfg = Release|x64
		{0F375C9A-804E-4A70-8162-61858D47DDB8}.Release|x64.Build.0 = Release|x64
		{0F375C9A-804E-4A70-8162-61858D47DDB8}.Release|x86.ActiveCfg = Release|Win32
		{0F375C9A-804E-4A70-8162-61858D47DDB8}.Release|x86.Build.0 = Release|Win32
		{76AB1D0A-1763-482F-A1D3-E76F8A69E843}.Debug|x64.ActiveCfg = Debug|x64
		{76AB1D0A-1763-482F-A1D3-E76F8A69E843}.Debug|x64.Build.0 = Debug|x64
		{76AB1D0A-1763-482F-A1D3-E76F8A69E843}.Debug|x86.ActiveCfg = Debug|Win32
		{76AB1D0A-1763-482F-A1D3-E76F8A69E843}.Debug|x86.Build.0 = Debug|Win32
		{76AB1D0A-1763-482F-A1D3-E76F8A69E843}.Release|x64.ActiveCfg = Release|x64
		{76AB1D0A-1763-482F-A1D3-E76F8A69E843}.Release|x64.Build.0 = Release|x64
		{76AB1D0A-1763-482F-A1D3-E76F8A69E843}.Release|x86.ActiveCfg = Release|Win32
		{76AB1D0A-1763-482F-A1D3-E76F8A69E843}.Release|x86.Build.0 = Release|Win32
		{F9D4FC99-037F-4C70-B52B-852E6B991301}.Debug|x64.ActiveCfg = Debug|x64
		{F9D4FC99-037F-4C70-B52B-852E6B991301}.Debug|x64.Build.0 = Debug|x64
		{F9D4FC99-037F-4C70-B52B-852E6B991301}.Debug|x86.ActiveCfg = Debug|Win32
		{F9D4FC99-037F-4C70-B52B-852E6B991301}.Debug|x86.Build.0 = Debug|Win32
		{F9D4FC99-037F-4C70-B52B-852E6B991301}.Release|x64.ActiveCfg = Release|x64
		{F9D4FC99-037F-4C70-B52B-852E6B991301}.Release|x64.Build.0 = Release|x64
		{F9D4FC99-037F-4C70-B52B-852E6B991301}.Release|x86.ActiveCfg = Release|Win32
		{F9D4FC99-037F-4C70-B52B-852E6B991301}.Release|x86.Build.0 = Release|Win32
		{D06251CE-FECB-4157-B235-8D6DCF8749E2}.Debug|x64.ActiveCfg = Debug|x64
		{D06251CE-FECB-4157-B235-8D6DCF8749E2}.Debug|x64.Build.0 = Debug|x64
		{D06251CE-FECB-4157-B235-8D6DCF8749E2}.Debug|x86.ActiveCfg = Debug|Win32
		{D06251CE-FECB-4157-B235-8D6DCF8749E2}.Debug|x86.Build.0 = Debug|Win32
		{D06251CE-FECB-4157-B235-8D6DCF8749E2}.Release|x64.ActiveCfg = Release|x64
		{D06251CE-FECB-4157-B235-8D6DCF8749E2}.Release|x64.Build.0 = Release|x64
		{D06251CE-FECB-4157-B235-8D6DCF8749E2}.Release|x86.ActiveCfg = Release|Win32
		{D06251CE-FECB-4157-B235-8D6DCF8749E2}.Release|x86.Build.0 = Release|Win32
		{746DA27D-C8D8-491A-BCFC-9549ED39BA5B}.Debug|x64.ActiveCfg = Debug|x64
		{746DA27D-C8D8-491A-BCFC-9549ED39BA5B}.Debug|x64.Build.0 = Debug|x64
		{746DA27D-C8D8-491A-BCFC-9549ED39BA5B}.Debug|x86.ActiveCfg = Debug|Win32
		{746DA27D-C8D8-491A-BCFC-9549ED39BA5B}.Debug|x86.Build.0 = Debug|Win32
		{746DA27D-C8D8-491A-BCFC-9549ED39BA5B}.Release|x64.ActiveCfg = Release|x64
		{746DA27D-C8D8-491A-BCFC-9549ED39BA5B}.Release|x64.Build.0 = Release|x64
		{746DA27D-C8D8-491A-BCFC-9549ED39BA5B}.Release|x86.ActiveCfg = Release|Win32
		{746DA27D-C8D8-491A-BCFC-9549ED39BA5B}.Release|x86.Build.0 = Release|Win32
		{AE7E6B22-802A-4685-8E86-CBCE1414CFE3}.Debug|x64.ActiveCfg = Debug|x64
		{AE7E6B22-802A-4685-8E86-CBCE1414CFE3}.Debug|x64.Build.0 = Debug|x64
		{AE7E6B22-802A-4685-8E86-CBCE1414CFE3}.Debug|x86.ActiveCfg = Debug|Win32
		{AE7E6B22-802A-4685-8E86-CBCE1414CFE3}.Debug|x86.Build.0 = Debug|Win32
		{AE7E6B22-802A-4685-8E86-CBCE1414CFE3}.Release|x64.ActiveCfg = Release|x64
		{AE7E6B22-802A-4685-8E86-CBCE1414CFE3}.Release|x64.Build.0 = Release|x64
		{AE7E6B22-802A-4685-8E86-CBCE1414CFE3}.Release|x86.ActiveCfg = Release|Win32
		{AE7E6B22-802A-4685-8E86-CBCE1414CFE3}.Release|x86.Build.0 = Release|Win32
		{A4E718FE-282F-4768-BDEC-5A9EE513F3F3}.Debug|x64.ActiveCfg = Debug|x64
		{A4E718FE-282F-4768-BDEC-5A9EE513F3F3}.Debug|x64.Build.0 = Debug|x64
		{A4E718FE-282F-4768-BDEC-5A9EE513F3F3}.Debug|x86.ActiveCfg = Debug|Win32
		{A4E718FE-282F-4768-BDEC-5A9EE513F3F3}.Debug|x86.Build.0 = Debug|Win32
		{A4E718FE-282F-4768-BDEC-5A9EE513F3F3}.Release|x64.ActiveCfg = Release|x64
		{A4E718FE-282F-4768-BDEC-5A9EE513F3F3}.Release|x64.Build.0 = Release|x64
		{A4E718FE-282F-4768-BDEC-5A9EE513F3F3}.Release|x86.ActiveCfg = Release|Win32
		{A4E718FE-282F-4768-BDEC-5A9EE513F3F3}.Release|x86.Build.0 = Release|Win32
		{4426412D-1B25-40FE-9803-7D5F1B55AA1D}.Debug|x64.ActiveCfg = Debug|x64
		{4426412D-1B25-40FE-9803-7D5F1B55AA1D}.Debug|x64.Build.0 = Debug|x64
		{4426412D-1B25-40FE-9803-7D5F1B55AA1D}.Debug|x86.ActiveCfg = Debug|Win32
		{4426412D-1B25-40FE-9803-7D5F1B55AA1D}.Debug|x86.Build.0 = Debug|Win32
		{4426412D-1B25-40FE-9803-7D5F1B55AA1D}.Release|x64.ActiveCfg = Release|x64
		{4426412D-1B25-40FE-9803-7D5F1B55AA1D}.Release|x64.Build.0 = Release|x64
		{4426412D-1B25-40FE-9803-7D5F1B55AA1D}.Release|x86.ActiveCfg = Release|Win32
		{4426412D-1B25-40FE-9803-7D5F1B55AA1D}.Release|x86.Build.0 = Release|Win32
		{CE2CA0CF-0BCC-4786-8698-CBE6BCE9C935}.Debug|x64.ActiveCfg = Debug|x64
		{CE2CA0CF-0BCC-4786-8698-CBE6BCE9C935}.Debug|x64.Build.0 = Debug|x64
		{CE2CA0CF-0BCC-4786-8698-CBE6BCE9C935}.Debug|x86.ActiveCfg = Debug|Win32
		{CE2CA0CF-0BCC-4786-8698-CBE6BCE9C935}.Debug|x86.Build.0 = Debug|Win32
		{CE2CA0CF-0BCC-4786-8698-CBE6BCE9C935}.Release|x64.ActiveCfg = Release|x64
		{CE2CA0CF-0BCC-4786-8698-CBE6BCE9C935}.Release|x64.Build.0 = Release|x64
		{CE2CA0CF-0BCC-4786-8698-CBE6BCE9C935}.Release|x86.ActiveCfg = Release|Win32
		{CE2CA0CF-0BCC-4786-8698-CBE6BCE9C935}.Release|x86.Build.0 = Release|Win32
		{9C69F792-B612-41C7-B69B-60626FF7B845}.Debug|x64.ActiveCfg = Debug|x64
		{9C69F792-B612-41C7-B69B-60626FF7B845}.Debug|x64.Build.0 = Debug|x64
		{9C69F792-B612-41C7-B69B-60626FF7B845}.Debug|x86.ActiveCfg = Debug|Win32
		{9C69F792-B612-41C7-B69B-60626FF7B845}.Debug|x86.Build.0 = Debug|Win32
		{9C69F792-B612-41C7-B69B-60626FF7B845}.Release|x64.ActiveCfg = Release|x64
		{9C69F792-B612-41C7-B69B-60626FF7B845}.Release|x64.Build.0 = Release|x64
		{9C69F792-B612-41C7-B69B-60626FF7B845}.Release|x86.ActiveCfg = Release|Win32
		{9C69F792-B612-41C7-B69B-60626FF7B845}.Release|x86.Build.0 = Release|Win32
		{1D13981F-3B13-4EE1-843B-331BDA75D169}.Debug|x64.ActiveCfg = Debug|x64
		{1D13981F-3B13-4EE1-843B-331BDA75D169}.Debug|x64.Build.0 = Debug|x64
		{1D13981F-3B13-4EE1-843B-331BDA75D169}.Debug|x86.ActiveCfg = Debug|Win32
		{1D13981F-3B13-4EE1-843B-331BDA75D169}.Debug|x86.Build.0 = Debug|Win32
		{1D13981F-3B13-4EE1-843B-331BDA75D169}.Release|x64.ActiveCfg = Release|x64
		{1D13981F-3B13-4EE1-843B-331BDA75D169}.Release|x64.Build.0 = Release|x64
		{1D13981F-3B13-4EE1-843B-331BDA75D169}.Release|x86.ActiveCfg = Release|Win32
		{1D13981F-3B13-4EE1-843B-331BDA75D169}.Release|x86.Build.0 = Release|Win32
		{F23AF3D4-AA2D-451E-95CF-45B370FEDB8E}.Debug|x64.ActiveCfg = Debug|x64
		{F23AF3D4-AA2D-451E-95CF-45B370FEDB8E}.Debug|x64.Build.0 = Debug|x64
		{F23AF3D4-AA2D-451E-95CF-45B370FEDB8E}.Debug|x86.ActiveCfg = Debug|Win32
		{F23AF3D4-AA2D-451E-95CF-45B370FEDB8E}.Debug|x86.Build.0 = Debug|Win32
		{F23AF3D4-AA2D-451E-95CF-45B370FEDB8E}.Release|x64.ActiveCfg = Release|x64
		{F23AF3D4-AA2D-451E-95CF-45B370FEDB8E}.Release|x64.Build.0 = Release|x64
		{F23AF3D4-AA2D-451E-95CF-45B370FEDB8E}.Release|x86.ActiveCfg = Release|Win32
		{F23AF3D4-AA2D-451E-95CF-45B370FEDB8E}.Release|x86.Build.0 = Release|Win32
		{1292D508-BD7D-461C-9802-03B90CE6890B}.Debug|x64.ActiveCfg = Debug|x64
		{1292D508-BD7D-461C-9802-03B90CE6890B}.Debug|x64.Build.0 = Debug|x64
		{1292D508-BD7D-461C-9802-03B90CE6890B}.Debug|x86.ActiveCfg = Debug|Win32
		{1292D508-BD7D-461C-9802-03B90CE6890B}.Debug|x86.Build.0 = Debug|Win32
		{1292D508-BD7D-461C-9802-03B90CE6890B}.Release|x64.ActiveCfg = Release|x64
		{1292D508-BD7D-461C-9802-03B90CE6890B}.Release|x64.Build.0 = Release|x64
		{1292D508-BD7D-461C-9802-03B90CE6890B}.Release|x86.ActiveCfg = Release|Win32
		{1292D508-BD7D-461C-9802-03B90CE6890B}.Release|x86.Build.0 = Release|Win32
		{5364B828-0455-4F89-8E43-C579C220EF5E}.Debug|x64.ActiveCfg = Debug|x64
		{5364B828-0455-4F89-8E43-C579C220EF5E}.Debug|x64.Build.0 = Debug|x64
		{5364B828-0455-4F89-8E43-C579C220EF5E}.Debug|x86.ActiveCfg = Debug|Win32
		{5364B828-0455-4F89-8E43-C579C220EF5E}.Debug|x86.Build.0 = Debug|Win32
		{5364B828-0455-4F89-8E43-C579C220EF5E}.Release|x64.ActiveCfg = Release|x64
		{5364B828-0455-4F89-8E43-C579C220EF5E}.Release|x64.Build.0 = Release|x64
		{5364B828-0455-4F89-8E43-C579C220EF5E}.Release|x86.ActiveCfg = Release|Win32
		{5364B828-0455-4F89-8E43-C579C220EF5E}.Release|x86.Build.0 = Release|Win32
		{24B35F9E-2B8D-479D-90D6-685C2EBCF30C}.Debug|x64.ActiveCfg = Debug|x64
		{24B35F9E-2B8D-479D-90D6-685C2EBCF30C}.Debug|x64.Build.0 = Debug|x64
		{24B35F9E-2B8D-479D-90D6-685C2EBCF30C}.Debug|x86.ActiveCfg = Debug|Win32
		{24B35F9E-2B8D-479D-90D6-685C2EBCF30C}.Debug|x86.Build.0 = Debug|Win32
		{24B35F9E-2B8D-479D-90D6-685C2EBCF30C}.Release|x64.ActiveCfg = Release|x64
		{24B35F9E-2B8D-479D-90D6-685C2EBCF30C}.Release|x64.Build.0 = Release|x64
		{24B35F9E-2B8D-479D-90D6-685C2EBCF30C}.Release|x86.ActiveCfg = Release|Win32
		{24B35F9E-2B8D-479D-90D6-685C2EBCF30C}.Release|x86.Build.0 = Release|Win32
		{F6756734-70A8-4857-95E2-7495BD9A8408}.Debug|x64.ActiveCfg = Debug|x64
		{F6756734-70A8-4857-95E2-7495BD9A8408}.Debug|x64.Build.0 = Debug|x64
		{F6756734-70A8-4857-95E2-7495BD9A8408}.Debug|x86.ActiveCfg = Debug|Win32
		{F6756734-70A8-4857-95E2-7495BD9A8408}.Debug|x86.Build.0 = Debug|Win32
		{F6756734-70A8-4857-95E2-7495BD9A8408}.Release|x64.ActiveCfg = Release|x64
		{F6756734-70A8-4857-95E2-7495BD9A8408}.Release|x64.Build.0 = Release|x64
		{F6756734-70A8-4857-95E2-7495BD9A8408}.Release|x86.ActiveCfg = Release|Win32
		{F6756734-70A8-4857-95E2-7495BD9A8408}.Release|x86.Build.0 = Release|Win32
		{516192EB-788A-4FE7-B2B7-2EF9AC036B12}.Debug|x64.ActiveCfg = Debug|x64
		{516192EB-788A-4FE7-B2B7-2EF9AC036B12}.Debug|x64.Build.0 = Debug|x64
		{516192EB-788A-4FE7-B2B7-2EF9AC036B12}.Debug|x86.ActiveCfg = Debug|Win32
		{516192EB-788A-4FE7-B2B7-2EF9AC036B12}.Debug|x86.Build.0 = Debug|Win32
		{516192EB-788A-4FE7-B2B7-2EF9AC036B12}.Release|x64.ActiveCfg = Release|x64
		{516192EB-788A-4FE7-B2B7-2EF9AC036B12}.Release|x64.Build.0 = Release|x64
		{516192EB-788A-4FE7-B2B7-2EF9AC036B12}.Release|x86.ActiveCfg = Release|Win32
		{516192EB-788A-4FE7-B2B7-2EF9AC036B12}.Release|x86.Build.0 = Release|Win32
		{A612ACB7-80FA-48F7-AD4E-6E0A4448D352}.Debug|x64.ActiveCfg = Debug|x64
		{A612ACB7-80FA-48F7-AD4E-6E0A4448D352}.Debug|x64.Build.0 = Debug|x64
		{A612ACB7-80FA-48F7-AD4E-6E0A4448D352}.Debug|x86.ActiveCfg = Debug|Win32
		{A612ACB7-80FA-48F7-AD4E-6E0A4448D352}.Debug|x86.Build.0 = Debug|Win32
		{A612ACB7-80FA-48F7-AD4E-6E0A4448D352}.Release|x64.ActiveCfg = Release|x64
		{A612ACB7-80FA-48F7-AD4E-6E0A4448D352}.Release|x64.Build.0 = Release|x64
		{A612ACB7-80FA-48F7-AD4E-6E0A4448D352}.Release|x86.ActiveCfg = Release|Win32
		{A612ACB7-80FA-48F7-AD4E-6E0A4448D352}.Release|x86.Build.0 = Release|Win32
		{4819C83D-F328-4681-A2D5-B0B46B83BC5B}.Debug|x64.ActiveCfg = Debug|x64
		{4819C83D-F328-4681-A2D5-B0B46B83BC5B}.Debug|x64.Build.0 = Debug|x64
		{4819C83D-F328-4681-A2D5-B0B46B83BC5B}.Debug|x86.ActiveCfg = Debug|Win32
		{4819C83D-F328-4681-A2D5-B0B46B83BC5B}.Debug|x86.Build.0 = Debug|Win32
		{4819C83D-F328-4681-A2D5-B0B46B83BC5B}.Release|x64.ActiveCfg = Release|x64
		{4819C83D-F328-4681-A2D5-B0B46B83BC5B}.Release|x64.Build.0 = Release|x64
		{4819C83D-F328-4681-A2D5-B0B46B83BC5B}.Release|x86.ActiveCfg = Release|Win32
		{4819C83D-F328-4681-A2D5-B0B46B83BC5B}.Release|x86.Build.0 = Release|Win32
		{3DBE0E98-8042-4A10-A544-E93175AD4BC2}.Debug|x64.ActiveCfg = Debug|x64
		{3DBE0E98-8042-4A10-A544-E93175AD4BC2}.Debug|x64.Build.0 = Debug|x64
		{3DBE0E98-8042-4A10-A544-E93175AD4BC2}.Debug|x86.ActiveCfg = Debug|Win32
		{3DBE0E98-8042-4A10-A544-E93175AD4BC2}.Debug|x86.Build.0 = Debug|Win32
		{3DBE0E98-8042-4A10-A544-E93175AD4BC2}.Release|x64.ActiveCfg = Release|x64
		{3DBE0E98-8042-4A10-A544-E93175AD4BC2}.Release|x64.Build.0 = Release|x64
		{3DBE0E98-8042-4A10-A544-E93175AD4BC2}.Release|x86.ActiveCfg = Release|Win32
		{3DBE0E98-8042-4A10-A544-E93175AD4BC2}.Release|x86.Build.0 = Release|Win32
		{CBD860CF-A484-4732-B2C0-60D60028E723}.Debug|x64.ActiveCfg = Debug|x64
		{CBD860CF-A484-4732-B2C0-60D60028E723}.Debug|x64.Build.0 = Debug|x64
		{CBD860CF-A484-4732-B2C0-60D60028E723}.Debug|x86.ActiveCfg = Debug|Win32
		{CBD860CF-A484-4732-B2C0-60D60028E723}.Debug|x86.Build.0 = Debug|Win32
		{CBD860CF-A484-4732-B2C0-60D60028E723}.Release|x64.ActiveCfg = Release|x64
		{CBD860CF-A484-4732-B2C0-60D60028E723}.Release|x64.Build.0 = Release|x64
		{CBD860CF-A484-4732-B2C0-60D60028E723}.Release|x86.ActiveCfg = Release|Win32
		{CBD860CF-A484-4732-B2C0-60D60028E723}.Release|x86.Build.0 = Release|Win32
		{21DDD947-1FD6-49B4-9251-0CFC2D9632E0}.Debug|x64.ActiveCfg = Debug|x64
		{21DDD947-1FD6-49B4-9251-0CFC2D9632E0}.Debug|x64.Build.0 = Debug|x64
		{21DDD947-1FD6-49B4-9251-0CFC2D9632E0}.Debug|x86.ActiveCfg = Debug|Win32
		{21DDD947-1FD6-49B4-9251-0CFC2D9632E0}.Debug|x86.Build.0 = Debug|Win32
		{21DDD947-1FD6-49B4-9251-0CFC2D9632E0}.Release|x64.ActiveCfg = Release|x64
		{21DDD947-1FD6-49B4-9251-0CFC2D9632E0}.Release|x64.Build.0 = Release|x64
		{21DDD947-1FD6-49B4-9251-0CFC2D9632E0}.Release|x86.ActiveCfg = Release|Win32
		{21DDD947-1FD6-49B4-9251-0CFC2D9632E0}.Release|x86.Build.0 = Release|Win32
		{53A7314E-CB0A-4DA5-9E71-E9910F925002}.Debug|x64.ActiveCfg = Debug|x64
		{53A7314E-CB0A-4DA5-9E71-E9910F925002}.Debug|x64.Build.0 = Debug|x64
		{53A7314E-CB0A-4DA5-9E71-E9910F925002}.Debug|x86.ActiveCfg = Debug|Win32
		{53A7314E-CB0A-4DA5-9E71-E9910F925002}.Debug|x86.Build.0 = Debug|Win32
		{53A7314E-CB0A-4DA5-9E71-E9910F925002}.Release|x64.ActiveCfg = Release|x64
		{53A7314E-CB0A-4DA5-9E71-E9910F925002}.Release|x64.Build.0 = Release|x64
		{53A7314E-CB0A-4DA5-9E71-E9910F925002}.Release|x86.ActiveCfg = Release|Win32
		{53A7314E-CB0A-4DA5-9E71-E9910F925002}.Release|x86.Build.0 = Release|Win32
		{908EA407-5ADC-4B3D-AB84-F20B9F020C52}.Debug|x64.ActiveCfg = Debug|x64
		{908EA407-5ADC-4B3D-AB84-F20B9F020C52}.Debug|x64.Build.0 = Debug|x64
		{908EA407-5ADC-4B3D-AB84-F20B9F020C52}.Debug|x86.ActiveCfg = Debug|Win32
		{908EA407-5ADC-4B3D-AB84-F20B9F020C52}.Debug|x86.Build.0 = Debug|Win32
		{908EA407-5ADC-4B3D-AB84-F20B9F020C52}.Release|x64.ActiveCfg = Release|x64
		{908EA407-5ADC-4B3D-AB84-F20B9F020C52}.Release|x64.Build.0 = Release|x64
		{908EA407-5ADC-4B3D-AB84-F20B9F020C52}.Release|x86.ActiveCfg = Release|Win32
		{908EA407-5ADC-4B3D-AB84-F20B9F020C52}.Release|x86.Build.0 = Release|Win32
		{1C95310C-B5AD-4A6F-8042-B1E0FFFECA02}.Debug|x64.ActiveCfg = Debug|x64
		{1C95310C-B5AD-4A6F-8042-B1E0FFFECA02}.Debug|x64.Build.0 = Debug|x64
		{1C95310C-B5AD-4A6F-8042-B1E0FFFECA02}.Debug|x86.ActiveCfg = Debug|Win32
		{1C95310C-B5AD-4A6F-8042-B1E0FFFECA02}.Debug|x86.Build.0 = Debug|Win32
		{1C95310C-B5AD-4A6F-8042-B1E0FFFECA02}.Release|x64.ActiveCfg = Release|x64
		{1C95310C-B5AD-4A6F-8042-B1E0FFFECA02}.Release|x64.Build.0 = Release|x64
		{1C95310C-B5AD-4A6F-8042-B1E0FFFECA02}.Release|x86.ActiveCfg = Release|Win32
		{1C95310C-B5AD-4A6F-8042-B1E0FFFECA02}.Release|x86.Build.0 = Release|Win32
	EndGlobalSection
	GlobalSection(SolutionProperties) = preSolution
		HideSolutionNode = FALSE
	EndGlobalSection
	GlobalSection(NestedProjects) = preSolution
		{8934D467-1955-4094-9A3A-85757E3FAF14} = {B357A8AE-7DE3-4912-80BB-072B1D85A7BE}
		{277BFF3A-17C1-4BFE-8DAE-54D22615E82E} = {6AD9C3EF-FFBC-4A6C-9495-1E5AC777E76C}
		{3629F01A-6FED-42EB-B308-E9F7F1346EAF} = {6AD9C3EF-FFBC-4A6C-9495-1E5AC777E76C}
		{F97727F8-DAAA-4547-AF2F-E4E7171E55DE} = {6AD9C3EF-FFBC-4A6C-9495-1E5AC777E76C}
		{614E55D9-915C-4622-AD21-783749DFBA2B} = {6AD9C3EF-FFBC-4A6C-9495-1E5AC777E76C}
		{BC53D1A0-CA04-4067-A2D1-B535C6178B63} = {0DC052D2-7755-4B70-990D-F5D95DBD3D1D}
		{7B9FFF06-2782-445D-A010-31C400C14048} = {A2552387-8093-4CAB-8C0B-531F825185B1}
		{DEC986A3-D894-48BF-ADAE-C8885450F92B} = {A2552387-8093-4CAB-8C0B-531F825185B1}
		{DB50473E-4878-494A-8775-25A3B28A7B4C} = {0DC052D2-7755-4B70-990D-F5D95DBD3D1D}
		{E0B52AE7-E160-4D32-BF3F-910B785E5A8E} = {3CC0261A-FAE2-434D-92FB-C6F3AAE87FF2}
		{24D8802B-3CFB-4DBE-B195-67E07BE2BAC8} = {A2552387-8093-4CAB-8C0B-531F825185B1}
		{8A819474-FF2D-4880-9EDC-0ABD57BCA3F0} = {0DC052D2-7755-4B70-990D-F5D95DBD3D1D}
		{FFFF135A-CFD8-406D-900F-E4171ADA7951} = {A2552387-8093-4CAB-8C0B-531F825185B1}
		{52D656A2-A2F4-4C54-A3C7-653427BED1E8} = {3CC0261A-FAE2-434D-92FB-C6F3AAE87FF2}
		{4888A5ED-7AA9-4ABC-890E-991E7631C54E} = {A2552387-8093-4CAB-8C0B-531F825185B1}
		{7CE195A0-579E-4372-B9EA-2C0809AE9BB7} = {A2552387-8093-4CAB-8C0B-531F825185B1}
		{713771E0-9899-42FF-AFBF-B1EFE55DC914} = {A2552387-8093-4CAB-8C0B-531F825185B1}
		{EA036725-D887-49A1-9FEE-DF47BFA0A777} = {A2552387-8093-4CAB-8C0B-531F825185B1}
		{8EA3D910-8FFC-4CC6-8975-79298DB45B34} = {A2552387-8093-4CAB-8C0B-531F825185B1}
		{2ABAA61D-E1C5-4DCE-9280-44218D921515} = {A2552387-8093-4CAB-8C0B-531F825185B1}
		{9C2A2A78-9AFE-4549-A9EE-375C692957FA} = {A2552387-8093-4CAB-8C0B-531F825185B1}
		{0F375C9A-804E-4A70-8162-61858D47DDB8} = {5278683B-7795-4AB9-90CE-E6CFDBF93BA7}
		{76AB1D0A-1763-482F-A1D3-E76F8A69E843} = {A2552387-8093-4CAB-8C0B-531F825185B1}
		{F9D4FC99-037F-4C70-B52B-852E6B991301} = {A2552387-8093-4CAB-8C0B-531F825185B1}
		{D06251CE-FECB-4157-B235-8D6DCF8749E2} = {0B86A2FB-92E5-4A27-A76E-426484C68BE9}
		{673075FB-F5FD-411E-8E60-2E9FED83F512} = {08B0B8F6-103E-4D68-BB2D-B35B726E5855}
		{746DA27D-C8D8-491A-BCFC-9549ED39BA5B} = {114F763B-8CED-4979-8F68-6EDD3D37657E}
		{AE7E6B22-802A-4685-8E86-CBCE1414CFE3} = {0B86A2FB-92E5-4A27-A76E-426484C68BE9}
		{A4E718FE-282F-4768-BDEC-5A9EE513F3F3} = {0B86A2FB-92E5-4A27-A76E-426484C68BE9}
		{4426412D-1B25-40FE-9803-7D5F1B55AA1D} = {0B86A2FB-92E5-4A27-A76E-426484C68BE9}
		{CE2CA0CF-0BCC-4786-8698-CBE6BCE9C935} = {0B86A2FB-92E5-4A27-A76E-426484C68BE9}
		{9C69F792-B612-41C7-B69B-60626FF7B845} = {0B86A2FB-92E5-4A27-A76E-426484C68BE9}
		{1D13981F-3B13-4EE1-843B-331BDA75D169} = {0B86A2FB-92E5-4A27-A76E-426484C68BE9}
		{F23AF3D4-AA2D-451E-95CF-45B370FEDB8E} = {ABA1AD66-7312-43CE-9DB9-BC339D4029DB}
		{1292D508-BD7D-461C-9802-03B90CE6890B} = {ABA1AD66-7312-43CE-9DB9-BC339D4029DB}
		{5364B828-0455-4F89-8E43-C579C220EF5E} = {ABA1AD66-7312-43CE-9DB9-BC339D4029DB}
		{24B35F9E-2B8D-479D-90D6-685C2EBCF30C} = {ABA1AD66-7312-43CE-9DB9-BC339D4029DB}
		{F6756734-70A8-4857-95E2-7495BD9A8408} = {6AD9C3EF-FFBC-4A6C-9495-1E5AC777E76C}
		{516192EB-788A-4FE7-B2B7-2EF9AC036B12} = {3CC0261A-FAE2-434D-92FB-C6F3AAE87FF2}
		{A612ACB7-80FA-48F7-AD4E-6E0A4448D352} = {ABA1AD66-7312-43CE-9DB9-BC339D4029DB}
		{4819C83D-F328-4681-A2D5-B0B46B83BC5B} = {ABA1AD66-7312-43CE-9DB9-BC339D4029DB}
		{3DBE0E98-8042-4A10-A544-E93175AD4BC2} = {ABA1AD66-7312-43CE-9DB9-BC339D4029DB}
		{CBD860CF-A484-4732-B2C0-60D60028E723} = {ABA1AD66-7312-43CE-9DB9-BC339D4029DB}
		{21DDD947-1FD6-49B4-9251-0CFC2D9632E0} = {0C4DEF16-1A8E-4AC6-A49D-737C60C6443C}
		{53A7314E-CB0A-4DA5-9E71-E9910F925002} = {0C4DEF16-1A8E-4AC6-A49D-737C60C6443C}
		{C1815E61-ACE5-43D7-94CE-731B1852B3F5} = {0DC052D2-7755-4B70-990D-F5D95DBD3D1D}
		{908EA407-5ADC-4B3D-AB84-F20B9F020C52} = {08B0B8F6-103E-4D68-BB2D-B35B726E5855}
		{1C95310C-B5AD-4A6F-8042-B1E0FFFECA02} = {0C4DEF16-1A8E-4AC6-A49D-737C60C6443C}
		{F0302644-D0D8-40E5-AF22-30786A79C6B3} = {C1815E61-ACE5-43D7-94CE-731B1852B3F5}
	EndGlobalSection
	GlobalSection(ExtensibilityGlobals) = postSolution
		SolutionGuid = {F8AAEF0A-45CE-442C-8536-7E32257CE89E}
	EndGlobalSection
EndGlobal
